
Microsoft Visual Studio Solution File, Format Version 12.00
# Visual Studio Version 17
VisualStudioVersion = 17.1.32328.378
MinimumVisualStudioVersion = 10.0.40219.1
Project("{FAE04EC0-301F-11D3-BF4B-00C04F79EFBC}") = "tic-tac-toe", "tic-tac-toe\tic-tac-toe.csproj", "{BB4541C5-56A0-463E-BABF-4C20DB81A816}"
EndProject
Project("{FAE04EC0-301F-11D3-BF4B-00C04F79EFBC}") = "BinarySearch", "BinarySearch\BinarySearch.csproj", "{9FA4C089-2025-4670-8F4C-35E85727D421}"
EndProject
Project("{FAE04EC0-301F-11D3-BF4B-00C04F79EFBC}") = "NumberToBinary", "NumberToBinary\NumberToBinary.csproj", "{90C07389-5D71-4066-8034-9B593DDBC98E}"
EndProject
Project("{FAE04EC0-301F-11D3-BF4B-00C04F79EFBC}") = "ProductProject", "ProductProject\ProductProject.csproj", "{D45EBB89-1D6B-4618-AE99-006AF72823F8}"
EndProject
Project("{FAE04EC0-301F-11D3-BF4B-00C04F79EFBC}") = "BurgerBuilder", "BurgerBuilder\BurgerBuilder.csproj", "{1BE463C9-4E16-4198-8687-0031D9F235FE}"
EndProject
Project("{FAE04EC0-301F-11D3-BF4B-00C04F79EFBC}") = "Fibonacci", "Fibonacci\Fibonacci.csproj", "{1D6ACBD8-AC3A-41AB-BC44-8F1773F105AD}"
EndProject
Project("{9A19103F-16F7-4668-BE54-9A1E7A4F7556}") = "Calculator", "Calculator\Calculator.csproj", "{62D2F5A1-9152-4FC1-833D-F5369427D590}"
EndProject
Project("{9A19103F-16F7-4668-BE54-9A1E7A4F7556}") = "Footbal Data", "Footbal Data\Footbal Data.csproj", "{8B388E26-9274-4376-BCF3-AE13CE059748}"
EndProject
Project("{9A19103F-16F7-4668-BE54-9A1E7A4F7556}") = "Extentions", "Extentions\Extentions.csproj", "{F5C2D5DC-F4F2-4503-951E-8AF361F15A94}"
EndProject
Project("{9A19103F-16F7-4668-BE54-9A1E7A4F7556}") = "Multithreading and Paralelism", "Multithreading and Paralelism\Multithreading and Paralelism.csproj", "{CA200831-DBA6-4681-AD4A-3EA34EB0A016}"
EndProject
Project("{FAE04EC0-301F-11D3-BF4B-00C04F79EFBC}") = "BinaryTree", "BinaryTree\BinaryTree.csproj", "{C2D073F9-1EF0-4DD6-8F3E-3B606CB334FA}"
EndProject
Project("{9A19103F-16F7-4668-BE54-9A1E7A4F7556}") = "ArrayMove", "ArrayMove\ArrayMove.csproj", "{D162B82C-5ACA-457D-99BE-5F97738BD669}"
EndProject
Project("{9A19103F-16F7-4668-BE54-9A1E7A4F7556}") = "Calculator2", "Calculator2\Calculator2.csproj", "{FBD5BE4D-184A-47D5-B05D-F85901795450}"
EndProject
Project("{9A19103F-16F7-4668-BE54-9A1E7A4F7556}") = "Calculator test", "Calculator test\Calculator test.csproj", "{D3AAACFA-AB82-44AE-BB93-4B5B465D69A6}"
EndProject
Project("{9A19103F-16F7-4668-BE54-9A1E7A4F7556}") = "FoodCalculator", "FoodCalculator\FoodCalculator.csproj", "{7947B906-9D05-4341-9410-0C59EE48A21A}"
EndProject
Project("{9A19103F-16F7-4668-BE54-9A1E7A4F7556}") = "FoodCalcTest", "FoodCalcTest\FoodCalcTest.csproj", "{E280C1B0-822C-4BCA-896C-457A93828546}"
EndProject
Project("{9A19103F-16F7-4668-BE54-9A1E7A4F7556}") = "BooksAndShelves", "BooksAndShelves\BooksAndShelves.csproj", "{ED077E17-7B1E-4C64-AF29-08D2D44F2534}"
EndProject
Project("{9A19103F-16F7-4668-BE54-9A1E7A4F7556}") = "TodoApp", "TodoApp\TodoApp.csproj", "{DEEA9AEA-0891-4640-A14D-448C256861BE}"
EndProject
Project("{9A19103F-16F7-4668-BE54-9A1E7A4F7556}") = "MovieApp", "MovieApp\MovieApp.csproj", "{0A6B7664-D89A-48A0-9950-415E3A2D75B9}"
EndProject
Project("{9A19103F-16F7-4668-BE54-9A1E7A4F7556}") = "MovieAppDatabase", "MovieAppDatabase\MovieAppDatabase.csproj", "{9D214DD7-B835-40D6-A53B-1CA10AFFDEFE}"
EndProject
Project("{9A19103F-16F7-4668-BE54-9A1E7A4F7556}") = "StudentAPI", "StudentAPI\StudentAPI.csproj", "{D53A2393-CE77-460D-88C2-02BD59DF0EEE}"
EndProject
Project("{9A19103F-16F7-4668-BE54-9A1E7A4F7556}") = "StudentsVersion2", "StudentsVersion2\StudentsVersion2.csproj", "{BC123AA3-632C-4A57-BD92-658BACBD1C0E}"
EndProject
Project("{9A19103F-16F7-4668-BE54-9A1E7A4F7556}") = "BookLibrary", "BookLibrary\BookLibrary.csproj", "{17B5B95F-2D86-4F6C-9067-033EB7880E0A}"
EndProject
Project("{9A19103F-16F7-4668-BE54-9A1E7A4F7556}") = "BookLibrary.Domain", "BookLibrary.Domain\BookLibrary.Domain.csproj", "{ED9CD644-AB9F-45DE-909C-ACB3D313FD3E}"
EndProject
Project("{9A19103F-16F7-4668-BE54-9A1E7A4F7556}") = "BookLibrary.DataAccess2", "BookLibrary.DataAccess2\BookLibrary.DataAccess2.csproj", "{AD861169-AC38-41EF-81F3-789DCBF7E04A}"
EndProject
Project("{9A19103F-16F7-4668-BE54-9A1E7A4F7556}") = "GPACalculateTest", "GPACalculateTest\GPACalculateTest.csproj", "{34DD04BF-7CCA-4DA0-8B20-4280C9334C1B}"
EndProject
Project("{9A19103F-16F7-4668-BE54-9A1E7A4F7556}") = "RSSFeed", "RSSFeed\RSSFeed.csproj", "{2E7439EA-BE94-469F-BCDD-3BFC20981AAF}"
EndProject
Project("{9A19103F-16F7-4668-BE54-9A1E7A4F7556}") = "BonusManagmentSystem", "BonusManagmentSystem\BonusManagmentSystem.csproj", "{D9F1D446-D70C-47F5-A084-1F8F5023165B}"
EndProject
Project("{9A19103F-16F7-4668-BE54-9A1E7A4F7556}") = "BonusManagment2", "BonusManagment2\BonusManagment2.csproj", "{5DD4A2E0-D822-4F8C-90C0-81B775FE9DC1}"
EndProject
Project("{9A19103F-16F7-4668-BE54-9A1E7A4F7556}") = "RSSFeedAPP", "RSSFeedAPP\RSSFeedAPP.csproj", "{763C5DFE-91E5-41F2-AA00-6301DC8F09C4}"
EndProject
Project("{9A19103F-16F7-4668-BE54-9A1E7A4F7556}") = "AuthenticationAPI", "AuthenticationAPI\AuthenticationAPI.csproj", "{88380DBF-8CF0-40F0-9730-4DFD71180397}"
EndProject
Project("{9A19103F-16F7-4668-BE54-9A1E7A4F7556}") = "Authentication2", "Authentication2\Authentication2.csproj", "{53B62975-F023-416C-B085-C63A05E6CE75}"
EndProject
Project("{2150E333-8FDC-42A3-9474-1A3956D46DE8}") = "Main Projects", "Main Projects", "{63B84357-07BE-439B-A4D7-61F8BAE73C69}"
EndProject
Project("{2150E333-8FDC-42A3-9474-1A3956D46DE8}") = "Bonus Management", "Bonus Management", "{E6EFE6BC-5A72-46AA-83C0-4951FC4E3C28}"
EndProject
Project("{2150E333-8FDC-42A3-9474-1A3956D46DE8}") = "Book Library", "Book Library", "{CB5E0E83-0123-4AA3-B8DF-E29D604731CC}"
EndProject
Project("{2150E333-8FDC-42A3-9474-1A3956D46DE8}") = "Movie App", "Movie App", "{35A2594C-A03A-421A-A309-A810D15760F4}"
EndProject
Project("{2150E333-8FDC-42A3-9474-1A3956D46DE8}") = "Rss Feed", "Rss Feed", "{A3C54981-DFB7-4F54-A1BE-CEFCA0752359}"
EndProject
Project("{2150E333-8FDC-42A3-9474-1A3956D46DE8}") = "Student Management", "Student Management", "{E84717D4-EBCA-481C-A7E2-8B2BA7015BFC}"
EndProject
Global
	GlobalSection(SolutionConfigurationPlatforms) = preSolution
		Debug|Any CPU = Debug|Any CPU
		Release|Any CPU = Release|Any CPU
	EndGlobalSection
	GlobalSection(ProjectConfigurationPlatforms) = postSolution
		{BB4541C5-56A0-463E-BABF-4C20DB81A816}.Debug|Any CPU.ActiveCfg = Debug|Any CPU
		{BB4541C5-56A0-463E-BABF-4C20DB81A816}.Debug|Any CPU.Build.0 = Debug|Any CPU
		{BB4541C5-56A0-463E-BABF-4C20DB81A816}.Release|Any CPU.ActiveCfg = Release|Any CPU
		{BB4541C5-56A0-463E-BABF-4C20DB81A816}.Release|Any CPU.Build.0 = Release|Any CPU
		{9FA4C089-2025-4670-8F4C-35E85727D421}.Debug|Any CPU.ActiveCfg = Debug|Any CPU
		{9FA4C089-2025-4670-8F4C-35E85727D421}.Debug|Any CPU.Build.0 = Debug|Any CPU
		{9FA4C089-2025-4670-8F4C-35E85727D421}.Release|Any CPU.ActiveCfg = Release|Any CPU
		{9FA4C089-2025-4670-8F4C-35E85727D421}.Release|Any CPU.Build.0 = Release|Any CPU
		{90C07389-5D71-4066-8034-9B593DDBC98E}.Debug|Any CPU.ActiveCfg = Debug|Any CPU
		{90C07389-5D71-4066-8034-9B593DDBC98E}.Debug|Any CPU.Build.0 = Debug|Any CPU
		{90C07389-5D71-4066-8034-9B593DDBC98E}.Release|Any CPU.ActiveCfg = Release|Any CPU
		{90C07389-5D71-4066-8034-9B593DDBC98E}.Release|Any CPU.Build.0 = Release|Any CPU
		{D45EBB89-1D6B-4618-AE99-006AF72823F8}.Debug|Any CPU.ActiveCfg = Debug|Any CPU
		{D45EBB89-1D6B-4618-AE99-006AF72823F8}.Debug|Any CPU.Build.0 = Debug|Any CPU
		{D45EBB89-1D6B-4618-AE99-006AF72823F8}.Release|Any CPU.ActiveCfg = Release|Any CPU
		{D45EBB89-1D6B-4618-AE99-006AF72823F8}.Release|Any CPU.Build.0 = Release|Any CPU
		{1BE463C9-4E16-4198-8687-0031D9F235FE}.Debug|Any CPU.ActiveCfg = Debug|Any CPU
		{1BE463C9-4E16-4198-8687-0031D9F235FE}.Debug|Any CPU.Build.0 = Debug|Any CPU
		{1BE463C9-4E16-4198-8687-0031D9F235FE}.Release|Any CPU.ActiveCfg = Release|Any CPU
		{1BE463C9-4E16-4198-8687-0031D9F235FE}.Release|Any CPU.Build.0 = Release|Any CPU
		{1D6ACBD8-AC3A-41AB-BC44-8F1773F105AD}.Debug|Any CPU.ActiveCfg = Debug|Any CPU
		{1D6ACBD8-AC3A-41AB-BC44-8F1773F105AD}.Debug|Any CPU.Build.0 = Debug|Any CPU
		{1D6ACBD8-AC3A-41AB-BC44-8F1773F105AD}.Release|Any CPU.ActiveCfg = Release|Any CPU
		{1D6ACBD8-AC3A-41AB-BC44-8F1773F105AD}.Release|Any CPU.Build.0 = Release|Any CPU
		{62D2F5A1-9152-4FC1-833D-F5369427D590}.Debug|Any CPU.ActiveCfg = Debug|Any CPU
		{62D2F5A1-9152-4FC1-833D-F5369427D590}.Debug|Any CPU.Build.0 = Debug|Any CPU
		{62D2F5A1-9152-4FC1-833D-F5369427D590}.Release|Any CPU.ActiveCfg = Release|Any CPU
		{62D2F5A1-9152-4FC1-833D-F5369427D590}.Release|Any CPU.Build.0 = Release|Any CPU
		{8B388E26-9274-4376-BCF3-AE13CE059748}.Debug|Any CPU.ActiveCfg = Debug|Any CPU
		{8B388E26-9274-4376-BCF3-AE13CE059748}.Debug|Any CPU.Build.0 = Debug|Any CPU
		{8B388E26-9274-4376-BCF3-AE13CE059748}.Release|Any CPU.ActiveCfg = Release|Any CPU
		{8B388E26-9274-4376-BCF3-AE13CE059748}.Release|Any CPU.Build.0 = Release|Any CPU
		{F5C2D5DC-F4F2-4503-951E-8AF361F15A94}.Debug|Any CPU.ActiveCfg = Debug|Any CPU
		{F5C2D5DC-F4F2-4503-951E-8AF361F15A94}.Debug|Any CPU.Build.0 = Debug|Any CPU
		{F5C2D5DC-F4F2-4503-951E-8AF361F15A94}.Release|Any CPU.ActiveCfg = Release|Any CPU
		{F5C2D5DC-F4F2-4503-951E-8AF361F15A94}.Release|Any CPU.Build.0 = Release|Any CPU
		{CA200831-DBA6-4681-AD4A-3EA34EB0A016}.Debug|Any CPU.ActiveCfg = Debug|Any CPU
		{CA200831-DBA6-4681-AD4A-3EA34EB0A016}.Debug|Any CPU.Build.0 = Debug|Any CPU
		{CA200831-DBA6-4681-AD4A-3EA34EB0A016}.Release|Any CPU.ActiveCfg = Release|Any CPU
		{CA200831-DBA6-4681-AD4A-3EA34EB0A016}.Release|Any CPU.Build.0 = Release|Any CPU
		{C2D073F9-1EF0-4DD6-8F3E-3B606CB334FA}.Debug|Any CPU.ActiveCfg = Debug|Any CPU
		{C2D073F9-1EF0-4DD6-8F3E-3B606CB334FA}.Debug|Any CPU.Build.0 = Debug|Any CPU
		{C2D073F9-1EF0-4DD6-8F3E-3B606CB334FA}.Release|Any CPU.ActiveCfg = Release|Any CPU
		{C2D073F9-1EF0-4DD6-8F3E-3B606CB334FA}.Release|Any CPU.Build.0 = Release|Any CPU
		{D162B82C-5ACA-457D-99BE-5F97738BD669}.Debug|Any CPU.ActiveCfg = Debug|Any CPU
		{D162B82C-5ACA-457D-99BE-5F97738BD669}.Debug|Any CPU.Build.0 = Debug|Any CPU
		{D162B82C-5ACA-457D-99BE-5F97738BD669}.Release|Any CPU.ActiveCfg = Release|Any CPU
		{D162B82C-5ACA-457D-99BE-5F97738BD669}.Release|Any CPU.Build.0 = Release|Any CPU
		{FBD5BE4D-184A-47D5-B05D-F85901795450}.Debug|Any CPU.ActiveCfg = Debug|Any CPU
		{FBD5BE4D-184A-47D5-B05D-F85901795450}.Debug|Any CPU.Build.0 = Debug|Any CPU
		{FBD5BE4D-184A-47D5-B05D-F85901795450}.Release|Any CPU.ActiveCfg = Release|Any CPU
		{FBD5BE4D-184A-47D5-B05D-F85901795450}.Release|Any CPU.Build.0 = Release|Any CPU
		{D3AAACFA-AB82-44AE-BB93-4B5B465D69A6}.Debug|Any CPU.ActiveCfg = Debug|Any CPU
		{D3AAACFA-AB82-44AE-BB93-4B5B465D69A6}.Debug|Any CPU.Build.0 = Debug|Any CPU
		{D3AAACFA-AB82-44AE-BB93-4B5B465D69A6}.Release|Any CPU.ActiveCfg = Release|Any CPU
		{D3AAACFA-AB82-44AE-BB93-4B5B465D69A6}.Release|Any CPU.Build.0 = Release|Any CPU
		{7947B906-9D05-4341-9410-0C59EE48A21A}.Debug|Any CPU.ActiveCfg = Debug|Any CPU
		{7947B906-9D05-4341-9410-0C59EE48A21A}.Debug|Any CPU.Build.0 = Debug|Any CPU
		{7947B906-9D05-4341-9410-0C59EE48A21A}.Release|Any CPU.ActiveCfg = Release|Any CPU
		{7947B906-9D05-4341-9410-0C59EE48A21A}.Release|Any CPU.Build.0 = Release|Any CPU
		{E280C1B0-822C-4BCA-896C-457A93828546}.Debug|Any CPU.ActiveCfg = Debug|Any CPU
		{E280C1B0-822C-4BCA-896C-457A93828546}.Debug|Any CPU.Build.0 = Debug|Any CPU
		{E280C1B0-822C-4BCA-896C-457A93828546}.Release|Any CPU.ActiveCfg = Release|Any CPU
		{E280C1B0-822C-4BCA-896C-457A93828546}.Release|Any CPU.Build.0 = Release|Any CPU
		{ED077E17-7B1E-4C64-AF29-08D2D44F2534}.Debug|Any CPU.ActiveCfg = Debug|Any CPU
		{ED077E17-7B1E-4C64-AF29-08D2D44F2534}.Debug|Any CPU.Build.0 = Debug|Any CPU
		{ED077E17-7B1E-4C64-AF29-08D2D44F2534}.Release|Any CPU.ActiveCfg = Release|Any CPU
		{ED077E17-7B1E-4C64-AF29-08D2D44F2534}.Release|Any CPU.Build.0 = Release|Any CPU
		{DEEA9AEA-0891-4640-A14D-448C256861BE}.Debug|Any CPU.ActiveCfg = Debug|Any CPU
		{DEEA9AEA-0891-4640-A14D-448C256861BE}.Debug|Any CPU.Build.0 = Debug|Any CPU
		{DEEA9AEA-0891-4640-A14D-448C256861BE}.Release|Any CPU.ActiveCfg = Release|Any CPU
		{DEEA9AEA-0891-4640-A14D-448C256861BE}.Release|Any CPU.Build.0 = Release|Any CPU
		{0A6B7664-D89A-48A0-9950-415E3A2D75B9}.Debug|Any CPU.ActiveCfg = Debug|Any CPU
		{0A6B7664-D89A-48A0-9950-415E3A2D75B9}.Debug|Any CPU.Build.0 = Debug|Any CPU
		{0A6B7664-D89A-48A0-9950-415E3A2D75B9}.Release|Any CPU.ActiveCfg = Release|Any CPU
		{0A6B7664-D89A-48A0-9950-415E3A2D75B9}.Release|Any CPU.Build.0 = Release|Any CPU
		{9D214DD7-B835-40D6-A53B-1CA10AFFDEFE}.Debug|Any CPU.ActiveCfg = Debug|Any CPU
		{9D214DD7-B835-40D6-A53B-1CA10AFFDEFE}.Debug|Any CPU.Build.0 = Debug|Any CPU
		{9D214DD7-B835-40D6-A53B-1CA10AFFDEFE}.Release|Any CPU.ActiveCfg = Release|Any CPU
		{9D214DD7-B835-40D6-A53B-1CA10AFFDEFE}.Release|Any CPU.Build.0 = Release|Any CPU
		{D53A2393-CE77-460D-88C2-02BD59DF0EEE}.Debug|Any CPU.ActiveCfg = Debug|Any CPU
		{D53A2393-CE77-460D-88C2-02BD59DF0EEE}.Debug|Any CPU.Build.0 = Debug|Any CPU
		{D53A2393-CE77-460D-88C2-02BD59DF0EEE}.Release|Any CPU.ActiveCfg = Release|Any CPU
		{D53A2393-CE77-460D-88C2-02BD59DF0EEE}.Release|Any CPU.Build.0 = Release|Any CPU
		{BC123AA3-632C-4A57-BD92-658BACBD1C0E}.Debug|Any CPU.ActiveCfg = Debug|Any CPU
		{BC123AA3-632C-4A57-BD92-658BACBD1C0E}.Debug|Any CPU.Build.0 = Debug|Any CPU
		{BC123AA3-632C-4A57-BD92-658BACBD1C0E}.Release|Any CPU.ActiveCfg = Release|Any CPU
		{BC123AA3-632C-4A57-BD92-658BACBD1C0E}.Release|Any CPU.Build.0 = Release|Any CPU
		{17B5B95F-2D86-4F6C-9067-033EB7880E0A}.Debug|Any CPU.ActiveCfg = Debug|Any CPU
		{17B5B95F-2D86-4F6C-9067-033EB7880E0A}.Debug|Any CPU.Build.0 = Debug|Any CPU
		{17B5B95F-2D86-4F6C-9067-033EB7880E0A}.Release|Any CPU.ActiveCfg = Release|Any CPU
		{17B5B95F-2D86-4F6C-9067-033EB7880E0A}.Release|Any CPU.Build.0 = Release|Any CPU
		{ED9CD644-AB9F-45DE-909C-ACB3D313FD3E}.Debug|Any CPU.ActiveCfg = Debug|Any CPU
		{ED9CD644-AB9F-45DE-909C-ACB3D313FD3E}.Debug|Any CPU.Build.0 = Debug|Any CPU
		{ED9CD644-AB9F-45DE-909C-ACB3D313FD3E}.Release|Any CPU.ActiveCfg = Release|Any CPU
		{ED9CD644-AB9F-45DE-909C-ACB3D313FD3E}.Release|Any CPU.Build.0 = Release|Any CPU
		{AD861169-AC38-41EF-81F3-789DCBF7E04A}.Debug|Any CPU.ActiveCfg = Debug|Any CPU
		{AD861169-AC38-41EF-81F3-789DCBF7E04A}.Debug|Any CPU.Build.0 = Debug|Any CPU
		{AD861169-AC38-41EF-81F3-789DCBF7E04A}.Release|Any CPU.ActiveCfg = Release|Any CPU
		{AD861169-AC38-41EF-81F3-789DCBF7E04A}.Release|Any CPU.Build.0 = Release|Any CPU
		{34DD04BF-7CCA-4DA0-8B20-4280C9334C1B}.Debug|Any CPU.ActiveCfg = Debug|Any CPU
		{34DD04BF-7CCA-4DA0-8B20-4280C9334C1B}.Debug|Any CPU.Build.0 = Debug|Any CPU
		{34DD04BF-7CCA-4DA0-8B20-4280C9334C1B}.Release|Any CPU.ActiveCfg = Release|Any CPU
		{34DD04BF-7CCA-4DA0-8B20-4280C9334C1B}.Release|Any CPU.Build.0 = Release|Any CPU
		{2E7439EA-BE94-469F-BCDD-3BFC20981AAF}.Debug|Any CPU.ActiveCfg = Debug|Any CPU
		{2E7439EA-BE94-469F-BCDD-3BFC20981AAF}.Debug|Any CPU.Build.0 = Debug|Any CPU
		{2E7439EA-BE94-469F-BCDD-3BFC20981AAF}.Release|Any CPU.ActiveCfg = Release|Any CPU
		{2E7439EA-BE94-469F-BCDD-3BFC20981AAF}.Release|Any CPU.Build.0 = Release|Any CPU
		{D9F1D446-D70C-47F5-A084-1F8F5023165B}.Debug|Any CPU.ActiveCfg = Debug|Any CPU
		{D9F1D446-D70C-47F5-A084-1F8F5023165B}.Debug|Any CPU.Build.0 = Debug|Any CPU
		{D9F1D446-D70C-47F5-A084-1F8F5023165B}.Release|Any CPU.ActiveCfg = Release|Any CPU
		{D9F1D446-D70C-47F5-A084-1F8F5023165B}.Release|Any CPU.Build.0 = Release|Any CPU
		{5DD4A2E0-D822-4F8C-90C0-81B775FE9DC1}.Debug|Any CPU.ActiveCfg = Debug|Any CPU
		{5DD4A2E0-D822-4F8C-90C0-81B775FE9DC1}.Debug|Any CPU.Build.0 = Debug|Any CPU
		{5DD4A2E0-D822-4F8C-90C0-81B775FE9DC1}.Release|Any CPU.ActiveCfg = Release|Any CPU
		{5DD4A2E0-D822-4F8C-90C0-81B775FE9DC1}.Release|Any CPU.Build.0 = Release|Any CPU
		{763C5DFE-91E5-41F2-AA00-6301DC8F09C4}.Debug|Any CPU.ActiveCfg = Debug|Any CPU
		{763C5DFE-91E5-41F2-AA00-6301DC8F09C4}.Debug|Any CPU.Build.0 = Debug|Any CPU
		{763C5DFE-91E5-41F2-AA00-6301DC8F09C4}.Release|Any CPU.ActiveCfg = Release|Any CPU
		{763C5DFE-91E5-41F2-AA00-6301DC8F09C4}.Release|Any CPU.Build.0 = Release|Any CPU
		{88380DBF-8CF0-40F0-9730-4DFD71180397}.Debug|Any CPU.ActiveCfg = Debug|Any CPU
		{88380DBF-8CF0-40F0-9730-4DFD71180397}.Debug|Any CPU.Build.0 = Debug|Any CPU
		{88380DBF-8CF0-40F0-9730-4DFD71180397}.Release|Any CPU.ActiveCfg = Release|Any CPU
		{88380DBF-8CF0-40F0-9730-4DFD71180397}.Release|Any CPU.Build.0 = Release|Any CPU
		{53B62975-F023-416C-B085-C63A05E6CE75}.Debug|Any CPU.ActiveCfg = Debug|Any CPU
		{53B62975-F023-416C-B085-C63A05E6CE75}.Debug|Any CPU.Build.0 = Debug|Any CPU
		{53B62975-F023-416C-B085-C63A05E6CE75}.Release|Any CPU.ActiveCfg = Release|Any CPU
		{53B62975-F023-416C-B085-C63A05E6CE75}.Release|Any CPU.Build.0 = Release|Any CPU
	EndGlobalSection
	GlobalSection(SolutionProperties) = preSolution
		HideSolutionNode = FALSE
	EndGlobalSection
	GlobalSection(NestedProjects) = preSolution
		{DEEA9AEA-0891-4640-A14D-448C256861BE} = {63B84357-07BE-439B-A4D7-61F8BAE73C69}
		{0A6B7664-D89A-48A0-9950-415E3A2D75B9} = {35A2594C-A03A-421A-A309-A810D15760F4}
		{9D214DD7-B835-40D6-A53B-1CA10AFFDEFE} = {35A2594C-A03A-421A-A309-A810D15760F4}
		{D53A2393-CE77-460D-88C2-02BD59DF0EEE} = {E84717D4-EBCA-481C-A7E2-8B2BA7015BFC}
		{BC123AA3-632C-4A57-BD92-658BACBD1C0E} = {E84717D4-EBCA-481C-A7E2-8B2BA7015BFC}
		{17B5B95F-2D86-4F6C-9067-033EB7880E0A} = {CB5E0E83-0123-4AA3-B8DF-E29D604731CC}
		{ED9CD644-AB9F-45DE-909C-ACB3D313FD3E} = {CB5E0E83-0123-4AA3-B8DF-E29D604731CC}
		{AD861169-AC38-41EF-81F3-789DCBF7E04A} = {CB5E0E83-0123-4AA3-B8DF-E29D604731CC}
		{2E7439EA-BE94-469F-BCDD-3BFC20981AAF} = {A3C54981-DFB7-4F54-A1BE-CEFCA0752359}
		{D9F1D446-D70C-47F5-A084-1F8F5023165B} = {E6EFE6BC-5A72-46AA-83C0-4951FC4E3C28}
		{5DD4A2E0-D822-4F8C-90C0-81B775FE9DC1} = {E6EFE6BC-5A72-46AA-83C0-4951FC4E3C28}
		{763C5DFE-91E5-41F2-AA00-6301DC8F09C4} = {A3C54981-DFB7-4F54-A1BE-CEFCA0752359}
		{E6EFE6BC-5A72-46AA-83C0-4951FC4E3C28} = {63B84357-07BE-439B-A4D7-61F8BAE73C69}
		{CB5E0E83-0123-4AA3-B8DF-E29D604731CC} = {63B84357-07BE-439B-A4D7-61F8BAE73C69}
		{35A2594C-A03A-421A-A309-A810D15760F4} = {63B84357-07BE-439B-A4D7-61F8BAE73C69}
		{A3C54981-DFB7-4F54-A1BE-CEFCA0752359} = {63B84357-07BE-439B-A4D7-61F8BAE73C69}
		{E84717D4-EBCA-481C-A7E2-8B2BA7015BFC} = {63B84357-07BE-439B-A4D7-61F8BAE73C69}
	EndGlobalSection
	GlobalSection(ExtensibilityGlobals) = postSolution
		SolutionGuid = {6364585A-C1E4-4EDF-836C-3C648B7623EB}
	EndGlobalSection
EndGlobal
